// !$*UTF8*$!
{
	archiveVersion = 1;
	classes = {
	};
	objectVersion = 50;
	objects = {

/* Begin PBXBuildFile section */
		AA653C3C26B27D3400A12AF4 /* AppDelegate.m in Sources */ = {isa = PBXBuildFile; fileRef = AA653C3B26B27D3400A12AF4 /* AppDelegate.m */; };
		AA653C3F26B27D3400A12AF4 /* SceneDelegate.m in Sources */ = {isa = PBXBuildFile; fileRef = AA653C3E26B27D3400A12AF4 /* SceneDelegate.m */; };
		AA653C4226B27D3400A12AF4 /* ViewController.m in Sources */ = {isa = PBXBuildFile; fileRef = AA653C4126B27D3400A12AF4 /* ViewController.m */; };
		AA653C4526B27D3400A12AF4 /* Main.storyboard in Resources */ = {isa = PBXBuildFile; fileRef = AA653C4326B27D3400A12AF4 /* Main.storyboard */; };
		AA653C4726B27D3700A12AF4 /* Assets.xcassets in Resources */ = {isa = PBXBuildFile; fileRef = AA653C4626B27D3700A12AF4 /* Assets.xcassets */; };
		AA653C4A26B27D3700A12AF4 /* LaunchScreen.storyboard in Resources */ = {isa = PBXBuildFile; fileRef = AA653C4826B27D3700A12AF4 /* LaunchScreen.storyboard */; };
		AA653C4D26B27D3700A12AF4 /* main.m in Sources */ = {isa = PBXBuildFile; fileRef = AA653C4C26B27D3700A12AF4 /* main.m */; };
		AA653C6126B27E9200A12AF4 /* CCMediator.m in Sources */ = {isa = PBXBuildFile; fileRef = AA653C5C26B27E9200A12AF4 /* CCMediator.m */; };
		AA653C6226B27E9200A12AF4 /* CCJumper.m in Sources */ = {isa = PBXBuildFile; fileRef = AA653C5D26B27E9200A12AF4 /* CCJumper.m */; };
		AA653C6326B27E9200A12AF4 /* CCRouterConfig.m in Sources */ = {isa = PBXBuildFile; fileRef = AA653C5F26B27E9200A12AF4 /* CCRouterConfig.m */; };
		AA653C6426B27E9200A12AF4 /* CCRouter.m in Sources */ = {isa = PBXBuildFile; fileRef = AA653C6026B27E9200A12AF4 /* CCRouter.m */; };
/* End PBXBuildFile section */

/* Begin PBXFileReference section */
		AA653C3726B27D3400A12AF4 /* CCRouter.app */ = {isa = PBXFileReference; explicitFileType = wrapper.application; includeInIndex = 0; path = CCRouter.app; sourceTree = BUILT_PRODUCTS_DIR; };
		AA653C3A26B27D3400A12AF4 /* AppDelegate.h */ = {isa = PBXFileReference; lastKnownFileType = sourcecode.c.h; path = AppDelegate.h; sourceTree = "<group>"; };
		AA653C3B26B27D3400A12AF4 /* AppDelegate.m */ = {isa = PBXFileReference; lastKnownFileType = sourcecode.c.objc; path = AppDelegate.m; sourceTree = "<group>"; };
		AA653C3D26B27D3400A12AF4 /* SceneDelegate.h */ = {isa = PBXFileReference; lastKnownFileType = sourcecode.c.h; path = SceneDelegate.h; sourceTree = "<group>"; };
		AA653C3E26B27D3400A12AF4 /* SceneDelegate.m */ = {isa = PBXFileReference; lastKnownFileType = sourcecode.c.objc; path = SceneDelegate.m; sourceTree = "<group>"; };
		AA653C4026B27D3400A12AF4 /* ViewController.h */ = {isa = PBXFileReference; lastKnownFileType = sourcecode.c.h; path = ViewController.h; sourceTree = "<group>"; };
		AA653C4126B27D3400A12AF4 /* ViewController.m */ = {isa = PBXFileReference; lastKnownFileType = sourcecode.c.objc; path = ViewController.m; sourceTree = "<group>"; };
		AA653C4426B27D3400A12AF4 /* Base */ = {isa = PBXFileReference; lastKnownFileType = file.storyboard; name = Base; path = Base.lproj/Main.storyboard; sourceTree = "<group>"; };
		AA653C4626B27D3700A12AF4 /* Assets.xcassets */ = {isa = PBXFileReference; lastKnownFileType = folder.assetcatalog; path = Assets.xcassets; sourceTree = "<group>"; };
		AA653C4926B27D3700A12AF4 /* Base */ = {isa = PBXFileReference; lastKnownFileType = file.storyboard; name = Base; path = Base.lproj/LaunchScreen.storyboard; sourceTree = "<group>"; };
		AA653C4B26B27D3700A12AF4 /* Info.plist */ = {isa = PBXFileReference; lastKnownFileType = text.plist.xml; path = Info.plist; sourceTree = "<group>"; };
		AA653C4C26B27D3700A12AF4 /* main.m */ = {isa = PBXFileReference; lastKnownFileType = sourcecode.c.objc; path = main.m; sourceTree = "<group>"; };
		AA653C5826B27E9200A12AF4 /* CCJumper.h */ = {isa = PBXFileReference; fileEncoding = 4; lastKnownFileType = sourcecode.c.h; path = CCJumper.h; sourceTree = "<group>"; };
		AA653C5926B27E9200A12AF4 /* CCMediator.h */ = {isa = PBXFileReference; fileEncoding = 4; lastKnownFileType = sourcecode.c.h; path = CCMediator.h; sourceTree = "<group>"; };
		AA653C5A26B27E9200A12AF4 /* CCRouter.h */ = {isa = PBXFileReference; fileEncoding = 4; lastKnownFileType = sourcecode.c.h; path = CCRouter.h; sourceTree = "<group>"; };
		AA653C5B26B27E9200A12AF4 /* CCRouterConfig.h */ = {isa = PBXFileReference; fileEncoding = 4; lastKnownFileType = sourcecode.c.h; path = CCRouterConfig.h; sourceTree = "<group>"; };
		AA653C5C26B27E9200A12AF4 /* CCMediator.m */ = {isa = PBXFileReference; fileEncoding = 4; lastKnownFileType = sourcecode.c.objc; path = CCMediator.m; sourceTree = "<group>"; };
		AA653C5D26B27E9200A12AF4 /* CCJumper.m */ = {isa = PBXFileReference; fileEncoding = 4; lastKnownFileType = sourcecode.c.objc; path = CCJumper.m; sourceTree = "<group>"; };
		AA653C5E26B27E9200A12AF4 /* CCRouterProtocol.h */ = {isa = PBXFileReference; fileEncoding = 4; lastKnownFileType = sourcecode.c.h; path = CCRouterProtocol.h; sourceTree = "<group>"; };
		AA653C5F26B27E9200A12AF4 /* CCRouterConfig.m */ = {isa = PBXFileReference; fileEncoding = 4; lastKnownFileType = sourcecode.c.objc; path = CCRouterConfig.m; sourceTree = "<group>"; };
		AA653C6026B27E9200A12AF4 /* CCRouter.m */ = {isa = PBXFileReference; fileEncoding = 4; lastKnownFileType = sourcecode.c.objc; path = CCRouter.m; sourceTree = "<group>"; };
/* End PBXFileReference section */

/* Begin PBXFrameworksBuildPhase section */
		AA653C3426B27D3400A12AF4 /* Frameworks */ = {
			isa = PBXFrameworksBuildPhase;
			buildActionMask = 2147483647;
			files = (
			);
			runOnlyForDeploymentPostprocessing = 0;
		};
/* End PBXFrameworksBuildPhase section */

/* Begin PBXGroup section */
		AA653C2E26B27D3400A12AF4 = {
			isa = PBXGroup;
			children = (
				AA653C3926B27D3400A12AF4 /* CCRouter */,
				AA653C3826B27D3400A12AF4 /* Products */,
			);
			sourceTree = "<group>";
		};
		AA653C3826B27D3400A12AF4 /* Products */ = {
			isa = PBXGroup;
			children = (
				AA653C3726B27D3400A12AF4 /* CCRouter.app */,
			);
			name = Products;
			sourceTree = "<group>";
		};
		AA653C3926B27D3400A12AF4 /* CCRouter */ = {
			isa = PBXGroup;
			children = (
				AA653C5726B27E9200A12AF4 /* Classes */,
				AA653C3A26B27D3400A12AF4 /* AppDelegate.h */,
				AA653C3B26B27D3400A12AF4 /* AppDelegate.m */,
				AA653C3D26B27D3400A12AF4 /* SceneDelegate.h */,
				AA653C3E26B27D3400A12AF4 /* SceneDelegate.m */,
				AA653C4026B27D3400A12AF4 /* ViewController.h */,
				AA653C4126B27D3400A12AF4 /* ViewController.m */,
				AA653C4326B27D3400A12AF4 /* Main.storyboard */,
				AA653C4626B27D3700A12AF4 /* Assets.xcassets */,
				AA653C4826B27D3700A12AF4 /* LaunchScreen.storyboard */,
				AA653C4B26B27D3700A12AF4 /* Info.plist */,
				AA653C4C26B27D3700A12AF4 /* main.m */,
			);
			path = CCRouter;
			sourceTree = "<group>";
		};
		AA653C5726B27E9200A12AF4 /* Classes */ = {
			isa = PBXGroup;
			children = (
				AA653C5826B27E9200A12AF4 /* CCJumper.h */,
				AA653C5926B27E9200A12AF4 /* CCMediator.h */,
				AA653C5A26B27E9200A12AF4 /* CCRouter.h */,
				AA653C5B26B27E9200A12AF4 /* CCRouterConfig.h */,
				AA653C5C26B27E9200A12AF4 /* CCMediator.m */,
				AA653C5D26B27E9200A12AF4 /* CCJumper.m */,
				AA653C5E26B27E9200A12AF4 /* CCRouterProtocol.h */,
				AA653C5F26B27E9200A12AF4 /* CCRouterConfig.m */,
				AA653C6026B27E9200A12AF4 /* CCRouter.m */,
			);
			path = Classes;
			sourceTree = SOURCE_ROOT;
		};
/* End PBXGroup section */

/* Begin PBXNativeTarget section */
		AA653C3626B27D3400A12AF4 /* CCRouter */ = {
			isa = PBXNativeTarget;
			buildConfigurationList = AA653C5026B27D3700A12AF4 /* Build configuration list for PBXNativeTarget "CCRouter" */;
			buildPhases = (
				AA653C3326B27D3400A12AF4 /* Sources */,
				AA653C3426B27D3400A12AF4 /* Frameworks */,
				AA653C3526B27D3400A12AF4 /* Resources */,
			);
			buildRules = (
			);
			dependencies = (
			);
			name = CCRouter;
			productName = CCRouter;
			productReference = AA653C3726B27D3400A12AF4 /* CCRouter.app */;
			productType = "com.apple.product-type.application";
		};
/* End PBXNativeTarget section */

/* Begin PBXProject section */
		AA653C2F26B27D3400A12AF4 /* Project object */ = {
			isa = PBXProject;
			attributes = {
				LastUpgradeCheck = 1250;
				TargetAttributes = {
					AA653C3626B27D3400A12AF4 = {
						CreatedOnToolsVersion = 12.5.1;
					};
				};
			};
			buildConfigurationList = AA653C3226B27D3400A12AF4 /* Build configuration list for PBXProject "CCRouter" */;
			compatibilityVersion = "Xcode 9.3";
			developmentRegion = en;
			hasScannedForEncodings = 0;
			knownRegions = (
				en,
				Base,
			);
			mainGroup = AA653C2E26B27D3400A12AF4;
			productRefGroup = AA653C3826B27D3400A12AF4 /* Products */;
			projectDirPath = "";
			projectRoot = "";
			targets = (
				AA653C3626B27D3400A12AF4 /* CCRouter */,
			);
		};
/* End PBXProject section */

/* Begin PBXResourcesBuildPhase section */
		AA653C3526B27D3400A12AF4 /* Resources */ = {
			isa = PBXResourcesBuildPhase;
			buildActionMask = 2147483647;
			files = (
				AA653C4A26B27D3700A12AF4 /* LaunchScreen.storyboard in Resources */,
				AA653C4726B27D3700A12AF4 /* Assets.xcassets in Resources */,
				AA653C4526B27D3400A12AF4 /* Main.storyboard in Resources */,
			);
			runOnlyForDeploymentPostprocessing = 0;
		};
/* End PBXResourcesBuildPhase section */

/* Begin PBXSourcesBuildPhase section */
		AA653C3326B27D3400A12AF4 /* Sources */ = {
			isa = PBXSourcesBuildPhase;
			buildActionMask = 2147483647;
			files = (
				AA653C4226B27D3400A12AF4 /* ViewController.m in Sources */,
				AA653C3C26B27D3400A12AF4 /* AppDelegate.m in Sources */,
				AA653C4D26B27D3700A12AF4 /* main.m in Sources */,
				AA653C6126B27E9200A12AF4 /* CCMediator.m in Sources */,
				AA653C6426B27E9200A12AF4 /* CCRouter.m in Sources */,
				AA653C6326B27E9200A12AF4 /* CCRouterConfig.m in Sources */,
				AA653C6226B27E9200A12AF4 /* CCJumper.m in Sources */,
				AA653C3F26B27D3400A12AF4 /* SceneDelegate.m in Sources */,
			);
			runOnlyForDeploymentPostprocessing = 0;
		};
/* End PBXSourcesBuildPhase section */

/* Begin PBXVariantGroup section */
		AA653C4326B27D3400A12AF4 /* Main.storyboard */ = {
			isa = PBXVariantGroup;
			children = (
				AA653C4426B27D3400A12AF4 /* Base */,
			);
			name = Main.storyboard;
			sourceTree = "<group>";
		};
		AA653C4826B27D3700A12AF4 /* LaunchScreen.storyboard */ = {
			isa = PBXVariantGroup;
			children = (
				AA653C4926B27D3700A12AF4 /* Base */,
			);
			name = LaunchScreen.storyboard;
			sourceTree = "<group>";
		};
/* End PBXVariantGroup section */

/* Begin XCBuildConfiguration section */
		AA653C4E26B27D3700A12AF4 /* Debug */ = {
			isa = XCBuildConfiguration;
			buildSettings = {
				ALWAYS_SEARCH_USER_PATHS = NO;
				CLANG_ANALYZER_NONNULL = YES;
				CLANG_ANALYZER_NUMBER_OBJECT_CONVERSION = YES_AGGRESSIVE;
				CLANG_CXX_LANGUAGE_STANDARD = "gnu++14";
				CLANG_CXX_LIBRARY = "libc++";
				CLANG_ENABLE_MODULES = YES;
				CLANG_ENABLE_OBJC_ARC = YES;
				CLANG_ENABLE_OBJC_WEAK = YES;
				CLANG_WARN_BLOCK_CAPTURE_AUTORELEASING = YES;
				CLANG_WARN_BOOL_CONVERSION = YES;
				CLANG_WARN_COMMA = YES;
				CLANG_WARN_CONSTANT_CONVERSION = YES;
				CLANG_WARN_DEPRECATED_OBJC_IMPLEMENTATIONS = YES;
				CLANG_WARN_DIRECT_OBJC_ISA_USAGE = YES_ERROR;
				CLANG_WARN_DOCUMENTATION_COMMENTS = YES;
				CLANG_WARN_EMPTY_BODY = YES;
				CLANG_WARN_ENUM_CONVERSION = YES;
				CLANG_WARN_INFINITE_RECURSION = YES;
				CLANG_WARN_INT_CONVERSION = YES;
				CLANG_WARN_NON_LITERAL_NULL_CONVERSION = YES;
				CLANG_WARN_OBJC_IMPLICIT_RETAIN_SELF = YES;
				CLANG_WARN_OBJC_LITERAL_CONVERSION = YES;
				CLANG_WARN_OBJC_ROOT_CLASS = YES_ERROR;
				CLANG_WARN_QUOTED_INCLUDE_IN_FRAMEWORK_HEADER = YES;
				CLANG_WARN_RANGE_LOOP_ANALYSIS = YES;
				CLANG_WARN_STRICT_PROTOTYPES = YES;
				CLANG_WARN_SUSPICIOUS_MOVE = YES;
				CLANG_WARN_UNGUARDED_AVAILABILITY = YES_AGGRESSIVE;
				CLANG_WARN_UNREACHABLE_CODE = YES;
				CLANG_WARN__DUPLICATE_METHOD_MATCH = YES;
				COPY_PHASE_STRIP = NO;
				DEBUG_INFORMATION_FORMAT = dwarf;
				ENABLE_STRICT_OBJC_MSGSEND = YES;
				ENABLE_TESTABILITY = YES;
				GCC_C_LANGUAGE_STANDARD = gnu11;
				GCC_DYNAMIC_NO_PIC = NO;
				GCC_NO_COMMON_BLOCKS = YES;
				GCC_OPTIMIZATION_LEVEL = 0;
				GCC_PREPROCESSOR_DEFINITIONS = (
					"DEBUG=1",
					"$(inherited)",
				);
				GCC_WARN_64_TO_32_BIT_CONVERSION = YES;
				GCC_WARN_ABOUT_RETURN_TYPE = YES_ERROR;
				GCC_WARN_UNDECLARED_SELECTOR = YES;
				GCC_WARN_UNINITIALIZED_AUTOS = YES_AGGRESSIVE;
				GCC_WARN_UNUSED_FUNCTION = YES;
				GCC_WARN_UNUSED_VARIABLE = YES;
				IPHONEOS_DEPLOYMENT_TARGET = 14.5;
				MTL_ENABLE_DEBUG_INFO = INCLUDE_SOURCE;
				MTL_FAST_MATH = YES;
				ONLY_ACTIVE_ARCH = YES;
				SDKROOT = iphoneos;
			};
			name = Debug;
		};
		AA653C4F26B27D3700A12AF4 /* Release */ = {
			isa = XCBuildConfiguration;
			buildSettings = {
				ALWAYS_SEARCH_USER_PATHS = NO;
				CLANG_ANALYZER_NONNULL = YES;
				CLANG_ANALYZER_NUMBER_OBJECT_CONVERSION = YES_AGGRESSIVE;
				CLANG_CXX_LANGUAGE_STANDARD = "gnu++14";
				CLANG_CXX_LIBRARY = "libc++";
				CLANG_ENABLE_MODULES = YES;
				CLANG_ENABLE_OBJC_ARC = YES;
				CLANG_ENABLE_OBJC_WEAK = YES;
				CLANG_WARN_BLOCK_CAPTURE_AUTORELEASING = YES;
				CLANG_WARN_BOOL_CONVERSION = YES;
				CLANG_WARN_COMMA = YES;
				CLANG_WARN_CONSTANT_CONVERSION = YES;
				CLANG_WARN_DEPRECATED_OBJC_IMPLEMENTATIONS = YES;
				CLANG_WARN_DIRECT_OBJC_ISA_USAGE = YES_ERROR;
				CLANG_WARN_DOCUMENTATION_COMMENTS = YES;
				CLANG_WARN_EMPTY_BODY = YES;
				CLANG_WARN_ENUM_CONVERSION = YES;
				CLANG_WARN_INFINITE_RECURSION = YES;
				CLANG_WARN_INT_CONVERSION = YES;
				CLANG_WARN_NON_LITERAL_NULL_CONVERSION = YES;
				CLANG_WARN_OBJC_IMPLICIT_RETAIN_SELF = YES;
				CLANG_WARN_OBJC_LITERAL_CONVERSION = YES;
				CLANG_WARN_OBJC_ROOT_CLASS = YES_ERROR;
				CLANG_WARN_QUOTED_INCLUDE_IN_FRAMEWORK_HEADER = YES;
				CLANG_WARN_RANGE_LOOP_ANALYSIS = YES;
				CLANG_WARN_STRICT_PROTOTYPES = YES;
				CLANG_WARN_SUSPICIOUS_MOVE = YES;
				CLANG_WARN_UNGUARDED_AVAILABILITY = YES_AGGRESSIVE;
				CLANG_WARN_UNREACHABLE_CODE = YES;
				CLANG_WARN__DUPLICATE_METHOD_MATCH = YES;
				COPY_PHASE_STRIP = NO;
				DEBUG_INFORMATION_FORMAT = "dwarf-with-dsym";
				ENABLE_NS_ASSERTIONS = NO;
				ENABLE_STRICT_OBJC_MSGSEND = YES;
				GCC_C_LANGUAGE_STANDARD = gnu11;
				GCC_NO_COMMON_BLOCKS = YES;
				GCC_WARN_64_TO_32_BIT_CONVERSION = YES;
				GCC_WARN_ABOUT_RETURN_TYPE = YES_ERROR;
				GCC_WARN_UNDECLARED_SELECTOR = YES;
				GCC_WARN_UNINITIALIZED_AUTOS = YES_AGGRESSIVE;
				GCC_WARN_UNUSED_FUNCTION = YES;
				GCC_WARN_UNUSED_VARIABLE = YES;
				IPHONEOS_DEPLOYMENT_TARGET = 14.5;
				MTL_ENABLE_DEBUG_INFO = NO;
				MTL_FAST_MATH = YES;
				SDKROOT = iphoneos;
				VALIDATE_PRODUCT = YES;
			};
			name = Release;
		};
		AA653C5126B27D3700A12AF4 /* Debug */ = {
			isa = XCBuildConfiguration;
			buildSettings = {
				ASSETCATALOG_COMPILER_APPICON_NAME = AppIcon;
				ASSETCATALOG_COMPILER_GLOBAL_ACCENT_COLOR_NAME = AccentColor;
				CODE_SIGN_STYLE = Automatic;
				INFOPLIST_FILE = CCRouter/Info.plist;
				LD_RUNPATH_SEARCH_PATHS = (
					"$(inherited)",
					"@executable_path/Frameworks",
				);
				PRODUCT_BUNDLE_IDENTIFIER = cc.CCRouter.CCRouter;
				PRODUCT_NAME = "$(TARGET_NAME)";
				TARGETED_DEVICE_FAMILY = "1,2";
			};
			name = Debug;
		};
		AA653C5226B27D3700A12AF4 /* Release */ = {
			isa = XCBuildConfiguration;
			buildSettings = {
				ASSETCATALOG_COMPILER_APPICON_NAME = AppIcon;
				ASSETCATALOG_COMPILER_GLOBAL_ACCENT_COLOR_NAME = AccentColor;
				CODE_SIGN_STYLE = Automatic;
				INFOPLIST_FILE = CCRouter/Info.plist;
				LD_RUNPATH_SEARCH_PATHS = (
					"$(inherited)",
					"@executable_path/Frameworks",
				);
				PRODUCT_BUNDLE_IDENTIFIER = cc.CCRouter.CCRouter;
				PRODUCT_NAME = "$(TARGET_NAME)";
				TARGETED_DEVICE_FAMILY = "1,2";
			};
			name = Release;
		};
/* End XCBuildConfiguration section */

/* Begin XCConfigurationList section */
		AA653C3226B27D3400A12AF4 /* Build configuration list for PBXProject "CCRouter" */ = {
			isa = XCConfigurationList;
			buildConfigurations = (
				AA653C4E26B27D3700A12AF4 /* Debug */,
				AA653C4F26B27D3700A12AF4 /* Release */,
			);
			defaultConfigurationIsVisible = 0;
			defaultConfigurationName = Release;
		};
		AA653C5026B27D3700A12AF4 /* Build configuration list for PBXNativeTarget "CCRouter" */ = {
			isa = XCConfigurationList;
			buildConfigurations = (
				AA653C5126B27D3700A12AF4 /* Debug */,
				AA653C5226B27D3700A12AF4 /* Release */,
			);
			defaultConfigurationIsVisible = 0;
			defaultConfigurationName = Release;
		};
/* End XCConfigurationList section */
	};
	rootObject = AA653C2F26B27D3400A12AF4 /* Project object */;
}
